{
  "name": "scriv2fic.com",
  "version": "1.0.0",
  "lockfileVersion": 1,
  "requires": true,
  "dependencies": {
    "ribosomalrtf": {
      "version": "0.0.1",
      "resolved": "https://registry.npmjs.org/ribosomalrtf/-/ribosomalrtf-0.0.1.tgz",
      "integrity": "sha512-v2B1fImmGfnDxF3teHWkRHQHXo5TYhKAPalrfh89x/C+kXNLkj4c5QSTt9736VEqmhWcjQL9hU9yfSL5KbxxBA=="
    }
  }
}
